{
  "name": "init_my_package_eml",
  "version": "1.0.0",
  "lockfileVersion": 3,
  "requires": true,
  "packages": {
    "": {
      "name": "init_my_package_eml",
      "version": "1.0.0",
      "license": "ISC",
      "dependencies": {
        "array_sorting_package": "^1.0.0"
      }
    },
    "node_modules/array_sorting_package": {
      "version": "1.0.0",
      "resolved": "https://registry.npmjs.org/array_sorting_package/-/array_sorting_package-1.0.0.tgz",
      "integrity": "sha512-3esVLrgJ52n77u08/PgANdk4nEJBNjiWsaNOYQhVf2fFZrFHoAN3hSxu7L6dFPDbyTxNCSNfQrHI5AjEc36Vng=="
    }
  }
}
